
Microsoft Visual Studio Solution File, Format Version 12.00
# Visual Studio Version 17
VisualStudioVersion = 17.9.34607.119
MinimumVisualStudioVersion = 10.0.40219.1
Project("{FAE04EC0-301F-11D3-BF4B-00C04F79EFBC}") = "sorting algorithms", "sorting algorithms.csproj", "{BCC566C0-F001-4ECA-83EB-6A7F6EE3AE77}"
EndProject
Global
	GlobalSection(SolutionConfigurationPlatforms) = preSolution
		Debug|Any CPU = Debug|Any CPU
		Release|Any CPU = Release|Any CPU
	EndGlobalSection
	GlobalSection(ProjectConfigurationPlatforms) = postSolution
		{BCC566C0-F001-4ECA-83EB-6A7F6EE3AE77}.Debug|Any CPU.ActiveCfg = Debug|Any CPU
		{BCC566C0-F001-4ECA-83EB-6A7F6EE3AE77}.Debug|Any CPU.Build.0 = Debug|Any CPU
		{BCC566C0-F001-4ECA-83EB-6A7F6EE3AE77}.Release|Any CPU.ActiveCfg = Release|Any CPU
		{BCC566C0-F001-4ECA-83EB-6A7F6EE3AE77}.Release|Any CPU.Build.0 = Release|Any CPU
	EndGlobalSection
	GlobalSection(SolutionProperties) = preSolution
		HideSolutionNode = FALSE
	EndGlobalSection
	GlobalSection(ExtensibilityGlobals) = postSolution
		SolutionGuid = {E031829D-D68E-4A5A-AD82-4C95707368C8}
	EndGlobalSection
EndGlobal
